{
  "name": "doitmusic",
  "version": "1.0.0",
  "lockfileVersion": 1,
  "requires": true,
  "dependencies": {
    "enquire.js": {
      "version": "2.1.6",
      "resolved": "https://registry.npm.taobao.org/enquire.js/download/enquire.js-2.1.6.tgz",
      "integrity": "sha1-PoeAybi4NQhMP2DhZtvDwqPImBQ="
    },
    "uview-ui": {
      "version": "1.6.8",
      "resolved": "https://registry.npm.taobao.org/uview-ui/download/uview-ui-1.6.8.tgz?cache=0&sync_timestamp=1599530041877&other_urls=https%3A%2F%2Fregistry.npm.taobao.org%2Fuview-ui%2Fdownload%2Fuview-ui-1.6.8.tgz",
      "integrity": "sha1-V+/kzaukYqm55ttiAOvBmh7LVbU="
    }
  }
}
